PODS:
  - ActiveLabel (1.0.1)
  - Alamofire (4.8.0)
  - AWSAuthCore (2.8.4):
    - AWSCore (= 2.8.4)
  - AWSAuthUI (2.8.4):
    - AWSAuthCore (= 2.8.4)
    - AWSCore (= 2.8.4)
  - AWSCognitoIdentityProvider (2.8.4):
    - AWSCognitoIdentityProviderASF (= 1.0.1)
    - AWSCore (= 2.8.4)
  - AWSCognitoIdentityProviderASF (1.0.1)
  - AWSCore (2.8.4)
  - AWSFacebookSignIn (2.8.4):
    - AWSAuthCore (= 2.8.4)
    - FBSDKCoreKit (~> 4.0)
    - FBSDKLoginKit (~> 4.0)
  - AWSMobileClient (2.8.4):
    - AWSAuthCore (= 2.8.4)
    - AWSCognitoIdentityProvider (= 2.8.4)
  - AWSS3 (2.8.4):
    - AWSCore (= 2.8.4)
  - AWSUserPoolsSignIn (2.8.4):
    - AWSAuthCore (= 2.8.4)
    - AWSCognitoIdentityProvider (= 2.8.4)
  - Bolts (1.9.0):
    - Bolts/AppLinks (= 1.9.0)
    - Bolts/Tasks (= 1.9.0)
  - Bolts/AppLinks (1.9.0):
    - Bolts/Tasks
  - Bolts/Tasks (1.9.0)
  - Crashlytics (3.12.0):
    - Fabric (~> 1.9.0)
  - DKCamera (1.6.4)
  - DKImagePickerController (4.1.2):
    - DKImagePickerController/Camera (= 4.1.2)
    - DKImagePickerController/Core (= 4.1.2)
    - DKImagePickerController/ImageDataManager (= 4.1.2)
    - DKImagePickerController/InlineCamera (= 4.1.2)
    - DKImagePickerController/PhotoEditor (= 4.1.2)
    - DKImagePickerController/PhotoGallery (= 4.1.2)
    - DKImagePickerController/Resource (= 4.1.2)
  - DKImagePickerController/Camera (4.1.2):
    - DKCamera
    - DKImagePickerController/Core
  - DKImagePickerController/Core (4.1.2):
    - DKImagePickerController/ImageDataManager
    - DKImagePickerController/Resource
  - DKImagePickerController/ImageDataManager (4.1.2)
  - DKImagePickerController/InlineCamera (4.1.2):
    - DKCamera
    - DKImagePickerController/Core
  - DKImagePickerController/PhotoEditor (4.1.2):
    - DKImagePickerController/Core
    - TOCropViewController (~> 2.4)
  - DKImagePickerController/PhotoGallery (4.1.2):
    - DKImagePickerController/Core
    - DKPhotoGallery
  - DKImagePickerController/Resource (4.1.2)
  - DKPhotoGallery (0.0.11):
    - DKPhotoGallery/Core (= 0.0.11)
    - DKPhotoGallery/Model (= 0.0.11)
    - DKPhotoGallery/Preview (= 0.0.11)
    - DKPhotoGallery/Resource (= 0.0.11)
    - SDWebImage/GIF
  - DKPhotoGallery/Core (0.0.11):
    - DKPhotoGallery/Model
    - DKPhotoGallery/Preview
    - SDWebImage/GIF
  - DKPhotoGallery/Model (0.0.11):
    - SDWebImage/GIF
  - DKPhotoGallery/Preview (0.0.11):
    - DKPhotoGallery/Model
    - DKPhotoGallery/Resource
    - SDWebImage/GIF
  - DKPhotoGallery/Resource (0.0.11):
    - SDWebImage/GIF
  - DropDown (2.3.12)
  - Fabric (1.9.0)
  - FBSDKCoreKit (4.40.0):
    - Bolts (~> 1.9)
  - FBSDKLoginKit (4.40.0):
    - FBSDKCoreKit
  - FLAnimatedImage (1.0.12)
  - GradientLoadingBar (1.1.14):
    - Observable (~> 1.4)
  - ImageSlideshow/Core (1.7.0)
  - ImageSlideshow/SDWebImage (1.7.0):
    - ImageSlideshow/Core
    - SDWebImage (< 5.0, >= 3.7)
  - Observable (1.4.0)
  - SDWebImage (4.4.3):
    - SDWebImage/Core (= 4.4.3)
  - SDWebImage/Core (4.4.3)
  - SDWebImage/GIF (4.4.3):
    - FLAnimatedImage (~> 1.0)
    - SDWebImage/Core
  - SwiftLint (0.29.3)
  - SwiftyJSON (4.2.0)
  - SwiftyUserDefaults (4.0.0-alpha.1)
  - TextFieldEffects (1.5.1)
  - TOCropViewController (2.4.0)
  - UIFontComplete (3.0.0)
  - Validator (3.1.1)

DEPENDENCIES:
  - ActiveLabel (~> 1.0)
  - Alamofire (~> 4.7)
  - AWSAuthUI (~> 2.8.0)
  - AWSFacebookSignIn (~> 2.8.0)
  - AWSMobileClient (~> 2.8.0)
  - AWSS3 (~> 2.8.0)
  - AWSUserPoolsSignIn (~> 2.8.0)
  - Crashlytics
  - DKImagePickerController (~> 4.1)
  - DropDown (~> 2.3)
  - Fabric
  - FBSDKLoginKit (~> 4.40.0)
  - GradientLoadingBar
  - ImageSlideshow/SDWebImage
  - SDWebImage (~> 4.0)
  - SwiftLint (~> 0.25)
  - SwiftyJSON (~> 4.0)
  - SwiftyUserDefaults (= 4.0.0-alpha.1)
  - TextFieldEffects (~> 1.4)
  - UIFontComplete (~> 3.0)
  - Validator (~> 3.0)

SPEC REPOS:
  https://github.com/cocoapods/specs.git:
    - ActiveLabel
    - Alamofire
    - AWSAuthCore
    - AWSAuthUI
    - AWSCognitoIdentityProvider
    - AWSCognitoIdentityProviderASF
    - AWSCore
    - AWSFacebookSignIn
    - AWSMobileClient
    - AWSS3
    - AWSUserPoolsSignIn
    - Bolts
    - Crashlytics
    - DKCamera
    - DKImagePickerController
    - DKPhotoGallery
    - DropDown
    - Fabric
    - FBSDKCoreKit
    - FBSDKLoginKit
    - FLAnimatedImage
    - GradientLoadingBar
    - ImageSlideshow
    - Observable
    - SDWebImage
    - SwiftLint
    - SwiftyJSON
    - SwiftyUserDefaults
    - TextFieldEffects
    - TOCropViewController
    - UIFontComplete
    - Validator

SPEC CHECKSUMS:
  ActiveLabel: b8b2396fe25308d563601437d6605bf691c3b5db
  Alamofire: 3ec537f71edc9804815215393ae2b1a8ea33a844
  AWSAuthCore: ac2536f54f73a2914c236e266cbec02a49f57d69
  AWSAuthUI: dd68ce1af153c0f5aa7521c0bd89a633d0a24cc5
  AWSCognitoIdentityProvider: ba1858e7524b29254172ae333e1f96ddc93507dc
  AWSCognitoIdentityProviderASF: f94f1a502e72ef3d0a1de93e10bf7a79c8698118
  AWSCore: 734b0d67c2c77f6edae9e5520431a37310ea4193
  AWSFacebookSignIn: b84d2995b928f58080a4606abcfc4cb0566d7bde
  AWSMobileClient: 59072ca49e82706c6d958f7a08e4a285d7197af1
  AWSS3: ead679e0887fa3ca8dddd054643a197b55360f1f
  AWSUserPoolsSignIn: 1eb61512db85bf0d043f79eda77de0ee09035bcf
  Bolts: ac6567323eac61e203f6a9763667d0f711be34c8
  Crashlytics: 07fb167b1694128c1c9a5a5cc319b0e9c3ca0933
  DKCamera: 61fa47629a39354e5111bca1fe96695de020dcb9
  DKImagePickerController: 358ebcd5ce87db8863ec4b8dea651c67baca36e0
  DKPhotoGallery: e5fc53899345c26af4374503dd249caabac7d26a
  DropDown: 0bcc278799ec11a3d34ce1aac9367fbbaf5423d9
  Fabric: f988e33c97f08930a413e08123064d2e5f68d655
  FBSDKCoreKit: ae214474b25033399c131dc81d258e412582a2ba
  FBSDKLoginKit: 7a1e411d46acc8834588eca437daf34de42e1d52
  FLAnimatedImage: 4a0b56255d9b05f18b6dd7ee06871be5d3b89e31
  GradientLoadingBar: f8fcc481f121b3ae651c7b27abec540b7be7fe60
  ImageSlideshow: f8eec5e37a980f60923b585ff23b0e140fd24018
  Observable: 4b2ee25de74d007d57acdff801925e39f9613544
  SDWebImage: c5594f1a19c48d526d321e548902b56b479cd508
  SwiftLint: bfa7ca7b4d170cfaf0d236ca3ffd969e88a2f002
  SwiftyJSON: c4bcba26dd9ec7a027fc8eade48e2c911f229e96
  SwiftyUserDefaults: cebe0ff9472f52699772a514b6f7155861d8069b
  TextFieldEffects: 7d372f58aeaf9acd9626bbf962680aef926b085d
  TOCropViewController: 368d8df3ea43b62c3dc5a61f11b9048274d240bd
  UIFontComplete: 5b0f59a83308816c610164b79a2540b3520f9b72
  Validator: b34ab17a8fffd0c1ffd8f9002ead4d1e02cd9e6e

PODFILE CHECKSUM: 4f3624b44c7c37c86a63c6a38622189017e17ef6

COCOAPODS: 1.5.3
